PODS:
  - connectivity (0.0.1):
    - Flutter
    - Reachability
  - Flutter (1.0.0)
  - Reachability (3.2)
  - SVProgressHUD (2.2.6):
    - SVProgressHUD/Core (= 2.2.6)
  - SVProgressHUD/Core (2.2.6)

DEPENDENCIES:
  - connectivity (from `.symlinks/plugins/connectivity/ios`)
  - Flutter (from `Flutter`)
  - SVProgressHUD (from `https://github.com/SVProgressHUD/SVProgressHUD.git`)

SPEC REPOS:
  trunk:
    - Reachability

EXTERNAL SOURCES:
  connectivity:
    :path: ".symlinks/plugins/connectivity/ios"
  Flutter:
    :path: Flutter
  SVProgressHUD:
    :git: https://github.com/SVProgressHUD/SVProgressHUD.git

CHECKOUT OPTIONS:
  SVProgressHUD:
    :commit: de1d4dba816a19454329031156b8788692bcfa2c
    :git: https://github.com/SVProgressHUD/SVProgressHUD.git

SPEC CHECKSUMS:
  connectivity: c4130b2985d4ef6fd26f9702e886bd5260681467
  Flutter: 50d75fe2f02b26cc09d224853bb45737f8b3214a
  Reachability: 33e18b67625424e47b6cde6d202dce689ad7af96
  SVProgressHUD: de812b4f0e1d65358f0064416473174ae619843f

PODFILE CHECKSUM: cb9e5960ab9ddd9aa6b012994b4ae15dc51efb63

COCOAPODS: 1.11.2
